{
  "version": 4,
  "terraform_version": "1.9.5",
  "serial": 5,
  "lineage": "c2d6f6b7-c3d6-1c54-b6f1-973fe5107786",
  "outputs": {},
  "resources": [
    {
      "mode": "managed",
      "type": "aws_subnet",
      "name": "public-sub",
      "provider": "provider[\"registry.terraform.io/hashicorp/aws\"]",
      "instances": [
        {
          "schema_version": 1,
          "attributes": {
            "arn": "arn:aws:ec2:ap-south-1:992382601924:subnet/subnet-08e6c44c85c60965c",
            "assign_ipv6_address_on_creation": false,
            "availability_zone": "ap-south-1a",
            "availability_zone_id": "aps1-az1",
            "cidr_block": "30.0.1.0/24",
            "customer_owned_ipv4_pool": "",
            "enable_dns64": false,
            "enable_lni_at_device_index": 0,
            "enable_resource_name_dns_a_record_on_launch": false,
            "enable_resource_name_dns_aaaa_record_on_launch": false,
            "id": "subnet-08e6c44c85c60965c",
            "ipv6_cidr_block": "",
            "ipv6_cidr_block_association_id": "",
            "ipv6_native": false,
            "map_customer_owned_ip_on_launch": false,
            "map_public_ip_on_launch": false,
            "outpost_arn": "",
            "owner_id": "992382601924",
            "private_dns_hostname_type_on_launch": "ip-name",
            "tags": {
              "Name": "public-sub-terraform-vpc-01"
            },
            "tags_all": {
              "Name": "public-sub-terraform-vpc-01"
            },
            "timeouts": null,
            "vpc_id": "vpc-09527e2780b815ce9"
          },
          "sensitive_attributes": [],
          "private": "eyJlMmJmYjczMC1lY2FhLTExZTYtOGY4OC0zNDM2M2JjN2M0YzAiOnsiY3JlYXRlIjo2MDAwMDAwMDAwMDAsImRlbGV0ZSI6MTIwMDAwMDAwMDAwMH0sInNjaGVtYV92ZXJzaW9uIjoiMSJ9",
          "dependencies": [
            "aws_vpc.main"
          ]
        }
      ]
    },
    {
      "mode": "managed",
      "type": "aws_vpc",
      "name": "main",
      "provider": "provider[\"registry.terraform.io/hashicorp/aws\"]",
      "instances": [
        {
          "schema_version": 1,
          "attributes": {
            "arn": "arn:aws:ec2:ap-south-1:992382601924:vpc/vpc-09527e2780b815ce9",
            "assign_generated_ipv6_cidr_block": false,
            "cidr_block": "30.0.0.0/16",
            "default_network_acl_id": "acl-04c1e9a3fa7e2f9da",
            "default_route_table_id": "rtb-0822767021329334b",
            "default_security_group_id": "sg-0ba9266fcb90d4a71",
            "dhcp_options_id": "dopt-02ef6d4663b96a178",
            "enable_dns_hostnames": false,
            "enable_dns_support": true,
            "enable_network_address_usage_metrics": false,
            "id": "vpc-09527e2780b815ce9",
            "instance_tenancy": "default",
            "ipv4_ipam_pool_id": null,
            "ipv4_netmask_length": null,
            "ipv6_association_id": "",
            "ipv6_cidr_block": "",
            "ipv6_cidr_block_network_border_group": "",
            "ipv6_ipam_pool_id": "",
            "ipv6_netmask_length": 0,
            "main_route_table_id": "rtb-0822767021329334b",
            "owner_id": "992382601924",
            "tags": {
              "Name": "fusion-terraform-vpc"
            },
            "tags_all": {
              "Name": "fusion-terraform-vpc"
            }
          },
          "sensitive_attributes": [],
          "private": "eyJzY2hlbWFfdmVyc2lvbiI6IjEifQ=="
        }
      ]
    }
  ],
  "check_results": null
}
